
Microsoft Visual Studio Solution File, Format Version 12.00
# Visual Studio Version 17
VisualStudioVersion = 17.7.34202.233
MinimumVisualStudioVersion = 10.0.40219.1
Project("{FAE04EC0-301F-11D3-BF4B-00C04F79EFBC}") = "backend", "backend.csproj", "{FE34D638-E667-4262-801F-A48FED2DCA90}"
EndProject
Global
	GlobalSection(SolutionConfigurationPlatforms) = preSolution
		Debug|Any CPU = Debug|Any CPU
		Release|Any CPU = Release|Any CPU
	EndGlobalSection
	GlobalSection(ProjectConfigurationPlatforms) = postSolution
		{FE34D638-E667-4262-801F-A48FED2DCA90}.Debug|Any CPU.ActiveCfg = Debug|Any CPU
		{FE34D638-E667-4262-801F-A48FED2DCA90}.Debug|Any CPU.Build.0 = Debug|Any CPU
		{FE34D638-E667-4262-801F-A48FED2DCA90}.Release|Any CPU.ActiveCfg = Release|Any CPU
		{FE34D638-E667-4262-801F-A48FED2DCA90}.Release|Any CPU.Build.0 = Release|Any CPU
	EndGlobalSection
	GlobalSection(SolutionProperties) = preSolution
		HideSolutionNode = FALSE
	EndGlobalSection
	GlobalSection(ExtensibilityGlobals) = postSolution
		SolutionGuid = {CDFECFED-8450-4F2F-B245-91FC3D1B37EF}
	EndGlobalSection
EndGlobal
